{
  "nodes": {
    "cadquery-src": {
      "flake": false,
      "locked": {
        "lastModified": 1661952677,
        "narHash": "sha256-rfa1cthXMjJMxaLDN4cgLkpbpb9Xy2rKC+m0U5d7A/I=",
        "owner": "WizardUli",
        "repo": "cadquery",
        "rev": "8f52c33e1ceb08e90fb76526431771585581d768",
        "type": "github"
      },
      "original": {
        "owner": "WizardUli",
        "ref": "dev",
        "repo": "cadquery",
        "type": "github"
      }
    },
    "cq-editor-src": {
      "flake": false,
      "locked": {
        "lastModified": 1658291480,
        "narHash": "sha256-weNiXKCjQ2ktpXwJHGzB2slwzooZUtIpGhsgKqmw340=",
        "owner": "WizardUli",
        "repo": "CQ-editor",
        "rev": "774c3c62b872a4ffb73de3f6a4052ddcad68a7c8",
        "type": "github"
      },
      "original": {
        "owner": "WizardUli",
        "ref": "dev",
        "repo": "CQ-editor",
        "type": "github"
      }
    },
    "flake-utils": {
      "locked": {
        "lastModified": 1659877975,
        "narHash": "sha256-zllb8aq3YO3h8B/U0/J1WBgAL8EX5yWf5pMj3G0NAmc=",
        "owner": "numtide",
        "repo": "flake-utils",
        "rev": "c0e246b9b83f637f4681389ecabcb2681b4f3af0",
        "type": "github"
      },
      "original": {
        "owner": "numtide",
        "repo": "flake-utils",
        "type": "github"
      }
    },
    "flake-utils_2": {
      "locked": {
        "lastModified": 1659877975,
        "narHash": "sha256-zllb8aq3YO3h8B/U0/J1WBgAL8EX5yWf5pMj3G0NAmc=",
        "owner": "numtide",
        "repo": "flake-utils",
        "rev": "c0e246b9b83f637f4681389ecabcb2681b4f3af0",
        "type": "github"
      },
      "original": {
        "owner": "numtide",
        "repo": "flake-utils",
        "type": "github"
      }
    },
    "nix-things": {
      "inputs": {
        "flake-utils": "flake-utils_2",
        "nixpkgs": [
          "nixpkgs"
        ]
      },
      "locked": {
        "lastModified": 1660425537,
        "narHash": "sha256-/RYkRZdf1f9uZ6F6MPW+jM0b21Z4gHSmrs9+25OY2+A=",
        "ref": "main",
        "rev": "776519e382c81b136c1d0b10d8c7b52b4acb9192",
        "revCount": 31,
        "type": "git",
        "url": "https://codeberg.org/Uli/nix-things.git"
      },
      "original": {
        "ref": "main",
        "type": "git",
        "url": "https://codeberg.org/Uli/nix-things.git"
      }
    },
    "nixpkgs": {
      "locked": {
        "lastModified": 0,
        "narHash": "sha256-ZJlBQ7jXynq4+Jg9+DgOe8FJG8sDIeFFYP3V3K98KUs=",
        "path": "/nix/store/yx6vh96vsaf73124nkvxdzfbj42b2k77-source",
        "type": "path"
      },
      "original": {
        "id": "nixpkgs",
        "type": "indirect"
      }
    },
    "ocp-src": {
      "flake": false,
      "locked": {
        "lastModified": 1653676152,
        "narHash": "sha256-exPTobNq+4ufLCz6C3s5HvNKdq6cJ1TwOnPnVSqNiIA=",
        "owner": "WizardUli",
        "repo": "OCP",
        "rev": "c744085416c5fa80a3a5ea6f4b2f165f7ba0a164",
        "type": "github"
      },
      "original": {
        "owner": "WizardUli",
        "ref": "dev",
        "repo": "OCP",
        "type": "github"
      }
    },
    "pywrap-src": {
      "flake": false,
      "locked": {
        "lastModified": 1653669963,
        "narHash": "sha256-9nNjo6B1H2uVcgyEToAlm5v6J0EIaowMs3s66GvpxHU=",
        "owner": "WizardUli",
        "repo": "pywrap",
        "rev": "6f8fa442522cfa621962dcf29145282eeb05e16d",
        "type": "github"
      },
      "original": {
        "owner": "WizardUli",
        "ref": "dev",
        "repo": "pywrap",
        "type": "github"
      }
    },
    "root": {
      "inputs": {
        "cadquery-src": "cadquery-src",
        "cq-editor-src": "cq-editor-src",
        "flake-utils": "flake-utils",
        "nix-things": "nix-things",
        "nixpkgs": "nixpkgs",
        "ocp-src": "ocp-src",
        "pywrap-src": "pywrap-src"
      }
    }
  },
  "root": "root",
  "version": 7
}
